{
  "version": 4,
  "terraform_version": "1.11.3",
  "serial": 14,
  "lineage": "962189f0-3990-48fc-2ecb-ba8d29df7f6f",
  "outputs": {
    "deployment_invoke_url": {
      "value": "https://z3j9qvewx3.execute-api.us-east-1.amazonaws.com/dev",
      "type": "string"
    }
  },
  "resources": [
    {
      "mode": "data",
      "type": "archive_file",
      "name": "zip_the_python_code",
      "provider": "provider[\"registry.terraform.io/hashicorp/archive\"]",
      "instances": [
        {
          "schema_version": 0,
          "attributes": {
            "exclude_symlink_directories": null,
            "excludes": null,
            "id": "5f9eb8303eafc12e6df67d714a93910becb744c2",
            "output_base64sha256": "coD/Fo89dyTpKawqfbVu6g1pjz2ggEECxoWVvCYOWmo=",
            "output_base64sha512": "xRKY594y6M0at04SuqIJF1GqeyvKGM4Oe06N9adSdoff/SSHUBoJJaliFkJnZVoQNe1yrCn1TB7S8eX7nVT9Gw==",
            "output_file_mode": null,
            "output_md5": "11d245c56a7832956fc87f9f330b904e",
            "output_path": "./python/rekognition.zip",
            "output_sha": "5f9eb8303eafc12e6df67d714a93910becb744c2",
            "output_sha256": "7280ff168f3d7724e929ac2a7db56eea0d698f3da0804102c68595bc260e5a6a",
            "output_sha512": "c51298e7de32e8cd1ab74e12baa2091751aa7b2bca18ce0e7b4e8df5a7527687dffd2487501a0925a962164267655a1035ed72ac29f54c1ed2f1e5fb9d54fd1b",
            "output_size": 1052,
            "source": [],
            "source_content": null,
            "source_content_filename": null,
            "source_dir": null,
            "source_file": "./python/rekognition.py",
            "type": "zip"
          },
          "sensitive_attributes": []
        }
      ]
    },
    {
      "mode": "data",
      "type": "aws_iam_policy",
      "name": "rekognition_policy",
      "provider": "provider[\"registry.terraform.io/hashicorp/aws\"]",
      "instances": [
        {
          "schema_version": 0,
          "attributes": {
            "arn": "arn:aws:iam::aws:policy/AmazonRekognitionReadOnlyAccess",
            "attachment_count": 0,
            "description": "Access to all Read rekognition APIs",
            "id": "arn:aws:iam::aws:policy/AmazonRekognitionReadOnlyAccess",
            "name": "AmazonRekognitionReadOnlyAccess",
            "path": "/",
            "path_prefix": null,
            "policy": "{\n\t\"Version\": \"2012-10-17\",\n\t\"Statement\": [\n\t\t{\n\t\t\t\"Sid\": \"AmazonRekognitionReadOnlyAccess\",\n\t\t\t\"Effect\": \"Allow\",\n\t\t\t\"Action\": [\n\t\t\t\t\"rekognition:CompareFaces\",\n\t\t\t\t\"rekognition:DetectFaces\",\n\t\t\t\t\"rekognition:DetectLabels\",\n\t\t\t\t\"rekognition:ListCollections\",\n\t\t\t\t\"rekognition:ListFaces\",\n\t\t\t\t\"rekognition:SearchFaces\",\n\t\t\t\t\"rekognition:SearchFacesByImage\",\n\t\t\t\t\"rekognition:DetectText\",\n\t\t\t\t\"rekognition:GetCelebrityInfo\",\n\t\t\t\t\"rekognition:RecognizeCelebrities\",\n\t\t\t\t\"rekognition:DetectModerationLabels\",\n\t\t\t\t\"rekognition:GetLabelDetection\",\n\t\t\t\t\"rekognition:GetFaceDetection\",\n\t\t\t\t\"rekognition:GetContentModeration\",\n\t\t\t\t\"rekognition:GetPersonTracking\",\n\t\t\t\t\"rekognition:GetCelebrityRecognition\",\n\t\t\t\t\"rekognition:GetFaceSearch\",\n\t\t\t\t\"rekognition:GetTextDetection\",\n\t\t\t\t\"rekognition:GetSegmentDetection\",\n\t\t\t\t\"rekognition:DescribeStreamProcessor\",\n\t\t\t\t\"rekognition:ListStreamProcessors\",\n\t\t\t\t\"rekognition:DescribeProjects\",\n\t\t\t\t\"rekognition:DescribeProjectVersions\",\n\t\t\t\t\"rekognition:DetectCustomLabels\",\n\t\t\t\t\"rekognition:DetectProtectiveEquipment\",\n\t\t\t\t\"rekognition:ListTagsForResource\",\n\t\t\t\t\"rekognition:ListDatasetEntries\",\n\t\t\t\t\"rekognition:ListDatasetLabels\",\n\t\t\t\t\"rekognition:DescribeDataset\",\n\t\t\t\t\"rekognition:ListProjectPolicies\",\n\t\t\t\t\"rekognition:ListUsers\",\n\t\t\t\t\"rekognition:SearchUsers\",\n\t\t\t\t\"rekognition:SearchUsersByImage\",\n\t\t\t\t\"rekognition:GetMediaAnalysisJob\",\n\t\t\t\t\"rekognition:ListMediaAnalysisJobs\"\n\t\t\t],\n\t\t\t\"Resource\": \"*\"\n\t\t}\n\t]\n}",
            "policy_id": "ANPAILWSUHXUY4ES43SA4",
            "tags": {}
          },
          "sensitive_attributes": []
        }
      ]
    },
    {
      "mode": "managed",
      "type": "aws_api_gateway_deployment",
      "name": "deployment",
      "provider": "provider[\"registry.terraform.io/hashicorp/aws\"]",
      "instances": [
        {
          "schema_version": 0,
          "attributes": {
            "canary_settings": [],
            "created_date": "2025-04-10T15:46:21Z",
            "description": "",
            "execution_arn": "arn:aws:execute-api:us-east-1:732671870160:z3j9qvewx3/dev",
            "id": "b7lnzq",
            "invoke_url": "https://z3j9qvewx3.execute-api.us-east-1.amazonaws.com/dev",
            "rest_api_id": "z3j9qvewx3",
            "stage_description": null,
            "stage_name": "dev",
            "triggers": null,
            "variables": null
          },
          "sensitive_attributes": [],
          "private": "bnVsbA==",
          "dependencies": [
            "aws_api_gateway_integration.lambda_integration",
            "aws_api_gateway_method.proxy",
            "aws_api_gateway_resource.root",
            "aws_api_gateway_rest_api.my_api",
            "aws_iam_policy.iam_policy_for_lambda",
            "aws_iam_role.lambda_role",
            "aws_iam_role_policy_attachment.attach_iam_policy_to_iam_role",
            "aws_lambda_function.terraform_lambda_func"
          ]
        }
      ]
    },
    {
      "mode": "managed",
      "type": "aws_api_gateway_integration",
      "name": "lambda_integration",
      "provider": "provider[\"registry.terraform.io/hashicorp/aws\"]",
      "instances": [
        {
          "schema_version": 0,
          "attributes": {
            "cache_key_parameters": null,
            "cache_namespace": "vo2ggw",
            "connection_id": "",
            "connection_type": "INTERNET",
            "content_handling": "",
            "credentials": "",
            "http_method": "POST",
            "id": "agi-z3j9qvewx3-vo2ggw-POST",
            "integration_http_method": "POST",
            "passthrough_behavior": "WHEN_NO_MATCH",
            "request_parameters": null,
            "request_templates": null,
            "resource_id": "vo2ggw",
            "rest_api_id": "z3j9qvewx3",
            "timeout_milliseconds": 29000,
            "tls_config": [],
            "type": "AWS",
            "uri": "arn:aws:apigateway:us-east-1:lambda:path/2015-03-31/functions/arn:aws:lambda:us-east-1:732671870160:function:Detection_Lambda_Function/invocations"
          },
          "sensitive_attributes": [],
          "private": "bnVsbA==",
          "dependencies": [
            "aws_api_gateway_method.proxy",
            "aws_api_gateway_resource.root",
            "aws_api_gateway_rest_api.my_api",
            "aws_iam_policy.iam_policy_for_lambda",
            "aws_iam_role.lambda_role",
            "aws_iam_role_policy_attachment.attach_iam_policy_to_iam_role",
            "aws_lambda_function.terraform_lambda_func"
          ]
        }
      ]
    },
    {
      "mode": "managed",
      "type": "aws_api_gateway_integration_response",
      "name": "proxy",
      "provider": "provider[\"registry.terraform.io/hashicorp/aws\"]",
      "instances": [
        {
          "schema_version": 0,
          "attributes": {
            "content_handling": "",
            "http_method": "POST",
            "id": "agir-z3j9qvewx3-vo2ggw-POST-200",
            "resource_id": "vo2ggw",
            "response_parameters": null,
            "response_templates": null,
            "rest_api_id": "z3j9qvewx3",
            "selection_pattern": "",
            "status_code": "200"
          },
          "sensitive_attributes": [],
          "private": "bnVsbA==",
          "dependencies": [
            "aws_api_gateway_integration.lambda_integration",
            "aws_api_gateway_method.proxy",
            "aws_api_gateway_method_response.proxy",
            "aws_api_gateway_resource.root",
            "aws_api_gateway_rest_api.my_api",
            "aws_iam_policy.iam_policy_for_lambda",
            "aws_iam_role.lambda_role",
            "aws_iam_role_policy_attachment.attach_iam_policy_to_iam_role",
            "aws_lambda_function.terraform_lambda_func"
          ]
        }
      ]
    },
    {
      "mode": "managed",
      "type": "aws_api_gateway_method",
      "name": "proxy",
      "provider": "provider[\"registry.terraform.io/hashicorp/aws\"]",
      "instances": [
        {
          "schema_version": 0,
          "attributes": {
            "api_key_required": false,
            "authorization": "NONE",
            "authorization_scopes": null,
            "authorizer_id": null,
            "http_method": "POST",
            "id": "agm-z3j9qvewx3-vo2ggw-POST",
            "operation_name": null,
            "request_models": null,
            "request_parameters": null,
            "request_validator_id": null,
            "resource_id": "vo2ggw",
            "rest_api_id": "z3j9qvewx3"
          },
          "sensitive_attributes": [],
          "private": "bnVsbA==",
          "dependencies": [
            "aws_api_gateway_resource.root",
            "aws_api_gateway_rest_api.my_api"
          ]
        }
      ]
    },
    {
      "mode": "managed",
      "type": "aws_api_gateway_method_response",
      "name": "proxy",
      "provider": "provider[\"registry.terraform.io/hashicorp/aws\"]",
      "instances": [
        {
          "schema_version": 0,
          "attributes": {
            "http_method": "POST",
            "id": "agmr-z3j9qvewx3-vo2ggw-POST-200",
            "resource_id": "vo2ggw",
            "response_models": null,
            "response_parameters": null,
            "rest_api_id": "z3j9qvewx3",
            "status_code": "200"
          },
          "sensitive_attributes": [],
          "private": "bnVsbA==",
          "dependencies": [
            "aws_api_gateway_method.proxy",
            "aws_api_gateway_resource.root",
            "aws_api_gateway_rest_api.my_api"
          ]
        }
      ]
    },
    {
      "mode": "managed",
      "type": "aws_api_gateway_resource",
      "name": "root",
      "provider": "provider[\"registry.terraform.io/hashicorp/aws\"]",
      "instances": [
        {
          "schema_version": 0,
          "attributes": {
            "id": "vo2ggw",
            "parent_id": "plk6vnydp1",
            "path": "/friendly",
            "path_part": "friendly",
            "rest_api_id": "z3j9qvewx3"
          },
          "sensitive_attributes": [],
          "private": "bnVsbA==",
          "dependencies": [
            "aws_api_gateway_rest_api.my_api"
          ]
        }
      ]
    },
    {
      "mode": "managed",
      "type": "aws_api_gateway_rest_api",
      "name": "my_api",
      "provider": "provider[\"registry.terraform.io/hashicorp/aws\"]",
      "instances": [
        {
          "schema_version": 0,
          "attributes": {
            "api_key_source": "HEADER",
            "arn": "arn:aws:apigateway:us-east-1::/restapis/z3j9qvewx3",
            "binary_media_types": [],
            "body": null,
            "created_date": "2025-04-10T15:46:11Z",
            "description": "My API Gateway",
            "disable_execute_api_endpoint": false,
            "endpoint_configuration": [
              {
                "types": [
                  "REGIONAL"
                ],
                "vpc_endpoint_ids": []
              }
            ],
            "execution_arn": "arn:aws:execute-api:us-east-1:732671870160:z3j9qvewx3",
            "fail_on_warnings": null,
            "id": "z3j9qvewx3",
            "minimum_compression_size": "",
            "name": "my-api",
            "parameters": null,
            "policy": "",
            "put_rest_api_mode": null,
            "root_resource_id": "plk6vnydp1",
            "tags": null,
            "tags_all": {}
          },
          "sensitive_attributes": [],
          "private": "bnVsbA=="
        }
      ]
    },
    {
      "mode": "managed",
      "type": "aws_iam_policy",
      "name": "iam_policy_for_lambda",
      "provider": "provider[\"registry.terraform.io/hashicorp/aws\"]",
      "instances": [
        {
          "schema_version": 0,
          "attributes": {
            "arn": "arn:aws:iam::732671870160:policy/aws_iam_policy_for_terraform_aws_lambda_role",
            "attachment_count": 0,
            "description": "AWS IAM Policy for lambda role",
            "id": "arn:aws:iam::732671870160:policy/aws_iam_policy_for_terraform_aws_lambda_role",
            "name": "aws_iam_policy_for_terraform_aws_lambda_role",
            "name_prefix": "",
            "path": "/",
            "policy": "{\"Statement\":[{\"Action\":[\"logs:CreateLogGroup\",\"logs:CreateLogStream\",\"logs:PutLogEvents\"],\"Effect\":\"Allow\",\"Resource\":\"arn:aws:logs:*:*:*\"}],\"Version\":\"2012-10-17\"}",
            "policy_id": "ANPA2VFVFQTIANWDCSOCW",
            "tags": null,
            "tags_all": {}
          },
          "sensitive_attributes": [],
          "private": "bnVsbA=="
        }
      ]
    },
    {
      "mode": "managed",
      "type": "aws_iam_role",
      "name": "lambda_role",
      "provider": "provider[\"registry.terraform.io/hashicorp/aws\"]",
      "instances": [
        {
          "schema_version": 0,
          "attributes": {
            "arn": "arn:aws:iam::732671870160:role/Detection_Lambda_Function_Role",
            "assume_role_policy": "{\"Statement\":[{\"Action\":\"sts:AssumeRole\",\"Effect\":\"Allow\",\"Principal\":{\"Service\":\"lambda.amazonaws.com\"},\"Sid\":\"\"}],\"Version\":\"2012-10-17\"}",
            "create_date": "2025-04-10T15:46:06Z",
            "description": "",
            "force_detach_policies": false,
            "id": "Detection_Lambda_Function_Role",
            "inline_policy": [],
            "managed_policy_arns": [],
            "max_session_duration": 3600,
            "name": "Detection_Lambda_Function_Role",
            "name_prefix": "",
            "path": "/",
            "permissions_boundary": "",
            "tags": null,
            "tags_all": {},
            "unique_id": "AROA2VFVFQTIFH6HDISVC"
          },
          "sensitive_attributes": [],
          "private": "bnVsbA=="
        }
      ]
    },
    {
      "mode": "managed",
      "type": "aws_iam_role_policy_attachment",
      "name": "attach_iam_policy_to_iam_role",
      "provider": "provider[\"registry.terraform.io/hashicorp/aws\"]",
      "instances": [
        {
          "schema_version": 0,
          "attributes": {
            "id": "Detection_Lambda_Function_Role-20250410154607631600000001",
            "policy_arn": "arn:aws:iam::732671870160:policy/aws_iam_policy_for_terraform_aws_lambda_role",
            "role": "Detection_Lambda_Function_Role"
          },
          "sensitive_attributes": [],
          "private": "bnVsbA==",
          "dependencies": [
            "aws_iam_policy.iam_policy_for_lambda",
            "aws_iam_role.lambda_role"
          ]
        }
      ]
    },
    {
      "mode": "managed",
      "type": "aws_iam_role_policy_attachment",
      "name": "codedeploy_service_role_policy_attach",
      "provider": "provider[\"registry.terraform.io/hashicorp/aws\"]",
      "instances": [
        {
          "schema_version": 0,
          "attributes": {
            "id": "Detection_Lambda_Function_Role-20250410154607632500000002",
            "policy_arn": "arn:aws:iam::aws:policy/AmazonRekognitionReadOnlyAccess",
            "role": "Detection_Lambda_Function_Role"
          },
          "sensitive_attributes": [],
          "private": "bnVsbA==",
          "dependencies": [
            "aws_iam_role.lambda_role",
            "data.aws_iam_policy.rekognition_policy"
          ]
        }
      ]
    },
    {
      "mode": "managed",
      "type": "aws_lambda_function",
      "name": "terraform_lambda_func",
      "provider": "provider[\"registry.terraform.io/hashicorp/aws\"]",
      "instances": [
        {
          "schema_version": 0,
          "attributes": {
            "architectures": [
              "x86_64"
            ],
            "arn": "arn:aws:lambda:us-east-1:732671870160:function:Detection_Lambda_Function",
            "code_sha256": "coD/Fo89dyTpKawqfbVu6g1pjz2ggEECxoWVvCYOWmo=",
            "code_signing_config_arn": "",
            "dead_letter_config": [],
            "description": "",
            "environment": [],
            "ephemeral_storage": [
              {
                "size": 512
              }
            ],
            "file_system_config": [],
            "filename": "./python/rekognition.zip",
            "function_name": "Detection_Lambda_Function",
            "handler": "rekognition.lambda_handler",
            "id": "Detection_Lambda_Function",
            "image_config": [],
            "image_uri": "",
            "invoke_arn": "arn:aws:apigateway:us-east-1:lambda:path/2015-03-31/functions/arn:aws:lambda:us-east-1:732671870160:function:Detection_Lambda_Function/invocations",
            "kms_key_arn": "",
            "last_modified": "2025-04-10T15:46:13.803+0000",
            "layers": null,
            "logging_config": [
              {
                "application_log_level": "",
                "log_format": "Text",
                "log_group": "/aws/lambda/Detection_Lambda_Function",
                "system_log_level": ""
              }
            ],
            "memory_size": 128,
            "package_type": "Zip",
            "publish": false,
            "qualified_arn": "arn:aws:lambda:us-east-1:732671870160:function:Detection_Lambda_Function:$LATEST",
            "qualified_invoke_arn": "arn:aws:apigateway:us-east-1:lambda:path/2015-03-31/functions/arn:aws:lambda:us-east-1:732671870160:function:Detection_Lambda_Function:$LATEST/invocations",
            "replace_security_groups_on_destroy": null,
            "replacement_security_group_ids": null,
            "reserved_concurrent_executions": -1,
            "role": "arn:aws:iam::732671870160:role/Detection_Lambda_Function_Role",
            "runtime": "python3.12",
            "s3_bucket": null,
            "s3_key": null,
            "s3_object_version": null,
            "signing_job_arn": "",
            "signing_profile_version_arn": "",
            "skip_destroy": false,
            "snap_start": [],
            "source_code_hash": "",
            "source_code_size": 1052,
            "tags": null,
            "tags_all": {},
            "timeout": 3,
            "timeouts": null,
            "tracing_config": [
              {
                "mode": "PassThrough"
              }
            ],
            "version": "$LATEST",
            "vpc_config": []
          },
          "sensitive_attributes": [],
          "private": "eyJlMmJmYjczMC1lY2FhLTExZTYtOGY4OC0zNDM2M2JjN2M0YzAiOnsiY3JlYXRlIjo2MDAwMDAwMDAwMDAsImRlbGV0ZSI6NjAwMDAwMDAwMDAwLCJ1cGRhdGUiOjYwMDAwMDAwMDAwMH19",
          "dependencies": [
            "aws_iam_policy.iam_policy_for_lambda",
            "aws_iam_role.lambda_role",
            "aws_iam_role_policy_attachment.attach_iam_policy_to_iam_role"
          ]
        }
      ]
    },
    {
      "mode": "managed",
      "type": "aws_lambda_permission",
      "name": "apigw_lambda",
      "provider": "provider[\"registry.terraform.io/hashicorp/aws\"]",
      "instances": [
        {
          "schema_version": 0,
          "attributes": {
            "action": "lambda:InvokeFunction",
            "event_source_token": null,
            "function_name": "Detection_Lambda_Function",
            "function_url_auth_type": null,
            "id": "AllowExecutionFromAPIGateway",
            "principal": "apigateway.amazonaws.com",
            "principal_org_id": null,
            "qualifier": "",
            "source_account": null,
            "source_arn": "arn:aws:execute-api:us-east-1:732671870160:z3j9qvewx3/*/*/*",
            "statement_id": "AllowExecutionFromAPIGateway",
            "statement_id_prefix": ""
          },
          "sensitive_attributes": [],
          "private": "bnVsbA==",
          "dependencies": [
            "aws_api_gateway_rest_api.my_api",
            "aws_iam_policy.iam_policy_for_lambda",
            "aws_iam_role.lambda_role",
            "aws_iam_role_policy_attachment.attach_iam_policy_to_iam_role",
            "aws_lambda_function.terraform_lambda_func"
          ]
        }
      ]
    }
  ],
  "check_results": null
}
